
Microsoft Visual Studio Solution File, Format Version 12.00
# Visual Studio 15
VisualStudioVersion = 15.0.28010.2026
MinimumVisualStudioVersion = 10.0.40219.1
Project("{FAE04EC0-301F-11D3-BF4B-00C04F79EFBC}") = "ITI.RegularExpressions.Tests", "ITI.RegularExpressions.Tests\ITI.RegularExpressions.Tests.csproj", "{C51E689B-72D4-45B6-B869-2CD185179E8B}"
EndProject
Project("{FAE04EC0-301F-11D3-BF4B-00C04F79EFBC}") = "ITI.RegularExpressions", "ITI.RegularExpressions\ITI.RegularExpressions.csproj", "{3CF8FF04-3A7D-4F24-BB6C-D269687971B9}"
EndProject
Global
	GlobalSection(SolutionConfigurationPlatforms) = preSolution
		Debug|Any CPU = Debug|Any CPU
		Release|Any CPU = Release|Any CPU
	EndGlobalSection
	GlobalSection(ProjectConfigurationPlatforms) = postSolution
		{C51E689B-72D4-45B6-B869-2CD185179E8B}.Debug|Any CPU.ActiveCfg = Debug|Any CPU
		{C51E689B-72D4-45B6-B869-2CD185179E8B}.Debug|Any CPU.Build.0 = Debug|Any CPU
		{C51E689B-72D4-45B6-B869-2CD185179E8B}.Release|Any CPU.ActiveCfg = Release|Any CPU
		{C51E689B-72D4-45B6-B869-2CD185179E8B}.Release|Any CPU.Build.0 = Release|Any CPU
		{3CF8FF04-3A7D-4F24-BB6C-D269687971B9}.Debug|Any CPU.ActiveCfg = Debug|Any CPU
		{3CF8FF04-3A7D-4F24-BB6C-D269687971B9}.Debug|Any CPU.Build.0 = Debug|Any CPU
		{3CF8FF04-3A7D-4F24-BB6C-D269687971B9}.Release|Any CPU.ActiveCfg = Release|Any CPU
		{3CF8FF04-3A7D-4F24-BB6C-D269687971B9}.Release|Any CPU.Build.0 = Release|Any CPU
	EndGlobalSection
	GlobalSection(SolutionProperties) = preSolution
		HideSolutionNode = FALSE
	EndGlobalSection
	GlobalSection(ExtensibilityGlobals) = postSolution
		SolutionGuid = {E2B4B405-85B3-45DD-85FF-79FD033AD6E0}
	EndGlobalSection
EndGlobal
